{
  "name": "cae_assets",
  "lockfileVersion": 3,
  "requires": true,
  "packages": {
    "": {
      "name": "cae_assets",
      "dependencies": {
        "@editorjs/editorjs": "^2.31.6",
        "@editorjs/header": "^2.8.8",
        "@editorjs/list": "^2.0.9",
        "@editorjs/warning": "^1.4.1",
        "flyonui": "^2.4.1"
      }
    },
    "node_modules/@codexteam/icons": {
      "version": "0.0.5",
      "resolved": "https://registry.npmjs.org/@codexteam/icons/-/icons-0.0.5.tgz",
      "integrity": "sha512-s6H2KXhLz2rgbMZSkRm8dsMJvyUNZsEjxobBEg9ztdrb1B2H3pEzY6iTwI4XUPJWJ3c3qRKwV4TrO3J5jUdoQA==",
      "license": "MIT"
    },
    "node_modules/@editorjs/caret": {
      "version": "1.0.3",
      "resolved": "https://registry.npmjs.org/@editorjs/caret/-/caret-1.0.3.tgz",
      "integrity": "sha512-VmgwQJZgL/LQjk049JunzRV1YCa0vDi+BNEpbDmr5cp3lGZllq9QQFO1eI71ZPzvFVn3vvhb+eOif4sAEyGgbw==",
      "license": "MIT",
      "dependencies": {
        "@editorjs/dom": "^1.0.1"
      }
    },
    "node_modules/@editorjs/dom": {
      "version": "1.0.1",
      "resolved": "https://registry.npmjs.org/@editorjs/dom/-/dom-1.0.1.tgz",
      "integrity": "sha512-yLO+86MYOIUr1Jl7SQw23SYT84ggv6aJW0EIRsI3NTHYgnQzmK7Bt2n5ZFupQlB0GJqmKqA5tCue3NKQb+o7Pw==",
      "license": "MIT",
      "dependencies": {
        "@editorjs/helpers": "^1.0.1"
      }
    },
    "node_modules/@editorjs/editorjs": {
      "version": "2.31.6",
      "resolved": "https://registry.npmjs.org/@editorjs/editorjs/-/editorjs-2.31.6.tgz",
      "integrity": "sha512-j2nxuFCD3DnoJDUD0hPO5tirpuQ6sWmmuHATl3EI7fG1it3Ml7jk0WJtu3E+TRLBd7zfNeJhDThbP3LnBEn2GA==",
      "license": "Apache-2.0",
      "dependencies": {
        "@editorjs/caret": "^1.0.1",
        "codex-notifier": "^1.1.2",
        "codex-tooltip": "^1.0.5"
      }
    },
    "node_modules/@editorjs/header": {
      "version": "2.8.8",
      "resolved": "https://registry.npmjs.org/@editorjs/header/-/header-2.8.8.tgz",
      "integrity": "sha512-bsMSs34u2hoi0UBuRoc5EGWXIFzJiwYgkFUYQGVm63y5FU+s8zPBmVx5Ip2sw1xgs0fqfDROqmteMvvmbCy62w==",
      "license": "MIT",
      "dependencies": {
        "@codexteam/icons": "^0.0.5",
        "@editorjs/editorjs": "^2.29.1"
      }
    },
    "node_modules/@editorjs/helpers": {
      "version": "1.0.1",
      "resolved": "https://registry.npmjs.org/@editorjs/helpers/-/helpers-1.0.1.tgz",
      "integrity": "sha512-Lmr8ImoQvoROXtzhsIJsA1ZtXzH46DmE6O8hMjn9/AvQq62UfjREjn+Ewi6KxjIZMay2PsgDEbLlsVyNJGEaxw==",
      "license": "MIT"
    },
    "node_modules/@editorjs/list": {
      "version": "2.0.9",
      "resolved": "https://registry.npmjs.org/@editorjs/list/-/list-2.0.9.tgz",
      "integrity": "sha512-rUTgDSt5wygD3Dp24bNyp6vvye/Xf4UWju0ZuvWeP13Z4cu2z1Jb5JFSTEhCou72XUGuf4xVhtsd8cm/bwUS1g==",
      "license": "MIT",
      "dependencies": {
        "@codexteam/icons": "^0.3.2"
      }
    },
    "node_modules/@editorjs/list/node_modules/@codexteam/icons": {
      "version": "0.3.3",
      "resolved": "https://registry.npmjs.org/@codexteam/icons/-/icons-0.3.3.tgz",
      "integrity": "sha512-cp7mkZPgmBuSxigTm3Vb+DtVHYeX7qXfQd7o05vcLD8Ag5WvRlol2QSn5P10k0CDAJwmkH9nQGQLBycErS9lsQ==",
      "license": "MIT"
    },
    "node_modules/@editorjs/warning": {
      "version": "1.4.1",
      "resolved": "https://registry.npmjs.org/@editorjs/warning/-/warning-1.4.1.tgz",
      "integrity": "sha512-7A+irJ6gIh6li4DC7qw/NiWCThlBgtoPUeeIVdldVjoATAu+a1GjS+w/5L24ReacgQJNPVQPPCoMaS1nB83agw==",
      "license": "MIT",
      "dependencies": {
        "@codexteam/icons": "^0.3.2",
        "@editorjs/editorjs": "^2.30.7"
      }
    },
    "node_modules/@editorjs/warning/node_modules/@codexteam/icons": {
      "version": "0.3.3",
      "resolved": "https://registry.npmjs.org/@codexteam/icons/-/icons-0.3.3.tgz",
      "integrity": "sha512-cp7mkZPgmBuSxigTm3Vb+DtVHYeX7qXfQd7o05vcLD8Ag5WvRlol2QSn5P10k0CDAJwmkH9nQGQLBycErS9lsQ==",
      "license": "MIT"
    },
    "node_modules/@floating-ui/core": {
      "version": "1.7.5",
      "resolved": "https://registry.npmjs.org/@floating-ui/core/-/core-1.7.5.tgz",
      "integrity": "sha512-1Ih4WTWyw0+lKyFMcBHGbb5U5FtuHJuujoyyr5zTaWS5EYMeT6Jb2AuDeftsCsEuchO+mM2ij5+q9crhydzLhQ==",
      "license": "MIT",
      "dependencies": {
        "@floating-ui/utils": "^0.2.11"
      }
    },
    "node_modules/@floating-ui/dom": {
      "version": "1.7.6",
      "resolved": "https://registry.npmjs.org/@floating-ui/dom/-/dom-1.7.6.tgz",
      "integrity": "sha512-9gZSAI5XM36880PPMm//9dfiEngYoC6Am2izES1FF406YFsjvyBMmeJ2g4SAju3xWwtuynNRFL2s9hgxpLI5SQ==",
      "license": "MIT",
      "dependencies": {
        "@floating-ui/core": "^1.7.5",
        "@floating-ui/utils": "^0.2.11"
      }
    },
    "node_modules/@floating-ui/utils": {
      "version": "0.2.11",
      "resolved": "https://registry.npmjs.org/@floating-ui/utils/-/utils-0.2.11.tgz",
      "integrity": "sha512-RiB/yIh78pcIxl6lLMG0CgBXAZ2Y0eVHqMPYugu+9U0AeT6YBeiJpf7lbdJNIugFP5SIjwNRgo4DhR1Qxi26Gg==",
      "license": "MIT"
    },
    "node_modules/codex-notifier": {
      "version": "1.1.2",
      "resolved": "https://registry.npmjs.org/codex-notifier/-/codex-notifier-1.1.2.tgz",
      "integrity": "sha512-DCp6xe/LGueJ1N5sXEwcBc3r3PyVkEEDNWCVigfvywAkeXcZMk9K41a31tkEFBW0Ptlwji6/JlAb49E3Yrxbtg==",
      "license": "MIT"
    },
    "node_modules/codex-tooltip": {
      "version": "1.0.5",
      "resolved": "https://registry.npmjs.org/codex-tooltip/-/codex-tooltip-1.0.5.tgz",
      "integrity": "sha512-IuA8LeyLU5p1B+HyhOsqR6oxyFQ11k3i9e9aXw40CrHFTRO2Y1npNBVU3W1SvhKAbUU7R/YikUBdcYFP0RcJag==",
      "license": "MIT"
    },
    "node_modules/flyonui": {
      "version": "2.4.1",
      "resolved": "https://registry.npmjs.org/flyonui/-/flyonui-2.4.1.tgz",
      "integrity": "sha512-WgP/YP1nZXbEtRkl3ThJIcIaisXOyON3zS2Qz2IwikQA/2X/PmqnP6E+eOz7WLBzEQI4ec7wViYAcRf9vljcbg==",
      "license": "MIT",
      "dependencies": {
        "@floating-ui/dom": "^1.7.1"
      }
    }
  }
}
